<?xml version="1.0" encoding="utf-8"?>
<Project ToolsVersion="4.0" xmlns="http://schemas.microsoft.com/developer/msbuild/2003">
  <ItemGroup>
    <ClCompile Include="id_udp.c" />
    <ClCompile Include="dosbox\dbopl.cpp">
      <Filter>dosbox</Filter>
    </ClCompile>
    <ClCompile Include="mame\fmopl.cpp">
      <Filter>mame</Filter>
    </ClCompile>
    <ClCompile Include="ID_CA.CPP" />
    <ClCompile Include="ID_IN.CPP" />
    <ClCompile Include="ID_PM.CPP" />
    <ClCompile Include="ID_SD.CPP" />
    <ClCompile Include="ID_US_1.CPP" />
    <ClCompile Include="ID_VH.CPP" />
    <ClCompile Include="ID_VL.CPP" />
    <ClCompile Include="sdl_winmain.cpp" />
    <ClCompile Include="SIGNON.CPP" />
    <ClCompile Include="WL_ACT1.CPP" />
    <ClCompile Include="WL_ACT2.CPP" />
    <ClCompile Include="WL_AGENT.CPP" />
    <ClCompile Include="WL_ATMOS.CPP" />
    <ClCompile Include="wl_cloudsky.cpp" />
    <ClCompile Include="WL_DEBUG.CPP" />
    <ClCompile Include="wl_dir3dspr.cpp" />
    <ClCompile Include="WL_DRAW.CPP" />
    <ClCompile Include="wl_floorceiling.cpp" />
    <ClCompile Include="WL_GAME.CPP" />
    <ClCompile Include="WL_INTER.CPP" />
    <ClCompile Include="WL_MAIN.CPP" />
    <ClCompile Include="WL_MENU.CPP" />
    <ClCompile Include="wl_parallax.cpp" />
    <ClCompile Include="WL_PLAY.CPP" />
    <ClCompile Include="WL_SHADE.CPP" />
    <ClCompile Include="WL_STATE.CPP" />
    <ClCompile Include="WL_TEXT.CPP" />
  </ItemGroup>
  <ItemGroup>
    <ClInclude Include="3rdparty\fixedptc.h" />
    <ClInclude Include="3rdparty\uthash\utarray.h" />
    <ClInclude Include="3rdparty\uthash\uthash.h" />
    <ClInclude Include="3rdparty\uthash\utlist.h" />
    <ClInclude Include="3rdparty\uthash\utringbuffer.h" />
    <ClInclude Include="3rdparty\uthash\utstack.h" />
    <ClInclude Include="3rdparty\uthash\utstring.h" />
    <ClInclude Include="aud_sys\dosbox\dbopl.h" />
    <ClInclude Include="aud_sys\mame\fmopl.h" />
    <ClInclude Include="win\resource.h" />
    <ClInclude Include="dosbox\dbopl.h">
      <Filter>dosbox</Filter>
    </ClInclude>
    <ClInclude Include="mame\fmopl.h">
      <Filter>mame</Filter>
    </ClInclude>
    <ClInclude Include="win\resource.h">
      <Filter>win</Filter>
    </ClInclude>
    <ClInclude Include="AUDIOSOD.H" />
    <ClInclude Include="AUDIOWL6.H" />
    <ClInclude Include="F_SPEAR.H" />
    <ClInclude Include="FOREIGN.H" />
    <ClInclude Include="GFXV_APO.H" />
    <ClInclude Include="GFXV_JAP.H" />
    <ClInclude Include="GFXV_SOD.H" />
    <ClInclude Include="GFXV_WL6.H" />
    <ClInclude Include="ID_CA.H" />
    <ClInclude Include="ID_IN.H" />
    <ClInclude Include="ID_PM.H" />
    <ClInclude Include="ID_SD.H" />
    <ClInclude Include="ID_US.H" />
    <ClInclude Include="ID_VH.H" />
    <ClInclude Include="ID_VL.H" />
    <ClInclude Include="VERSION.H" />
    <ClInclude Include="WL_ATMOS.H" />
    <ClInclude Include="wl_cloudsky.h" />
    <ClInclude Include="WL_DEF.H" />
    <ClInclude Include="WL_MENU.H" />
    <ClInclude Include="WL_SHADE.H" />
  </ItemGroup>
  <ItemGroup>
    <Filter Include="dosbox">
      <UniqueIdentifier>{0186641d-bd1d-4269-b11b-7f3fb460bbaa}</UniqueIdentifier>
    </Filter>
    <Filter Include="mame">
      <UniqueIdentifier>{78c6d28c-7365-4983-bd13-3f2a6cbdb82e}</UniqueIdentifier>
    </Filter>
    <Filter Include="win">
      <UniqueIdentifier>{dda85228-562b-4b0a-be5d-07e611aa2022}</UniqueIdentifier>
    </Filter>
  </ItemGroup>
  <ItemGroup>
    <Image Include="win\Wolf4SDL.ico">
      <Filter>win</Filter>
    </Image>
  </ItemGroup>
  <ItemGroup>
    <ResourceCompile Include="win\Wolf4SDL.rc">
      <Filter>win</Filter>
    </ResourceCompile>
  </ItemGroup>
  <ItemGroup>
    <None Include=".gitignore" />
    <None Include="config.default" />
    <None Include="Makefile" />
    <None Include="Makefile.dc" />
    <None Include="Makefile.win" />
    <None Include="SODPAL.INC" />
    <None Include="wolfpal.inc" />
  </ItemGroup>
</Project>